
Microsoft Visual Studio Solution File, Format Version 12.00
# Visual Studio Version 17
VisualStudioVersion = 17.5.33627.172
MinimumVisualStudioVersion = 10.0.40219.1
Project("{FAE04EC0-301F-11D3-BF4B-00C04F79EFBC}") = "Recursive Image Metadata Remover", "Recursive Image Metadata Remover\Recursive Image Metadata Remover.csproj", "{2F118C2B-E1F1-413D-AD91-5D9E52DF02D2}"
EndProject
Global
	GlobalSection(SolutionConfigurationPlatforms) = preSolution
		Debug|Any CPU = Debug|Any CPU
		Release|Any CPU = Release|Any CPU
	EndGlobalSection
	GlobalSection(ProjectConfigurationPlatforms) = postSolution
		{2F118C2B-E1F1-413D-AD91-5D9E52DF02D2}.Debug|Any CPU.ActiveCfg = Debug|Any CPU
		{2F118C2B-E1F1-413D-AD91-5D9E52DF02D2}.Debug|Any CPU.Build.0 = Debug|Any CPU
		{2F118C2B-E1F1-413D-AD91-5D9E52DF02D2}.Release|Any CPU.ActiveCfg = Release|Any CPU
		{2F118C2B-E1F1-413D-AD91-5D9E52DF02D2}.Release|Any CPU.Build.0 = Release|Any CPU
	EndGlobalSection
	GlobalSection(SolutionProperties) = preSolution
		HideSolutionNode = FALSE
	EndGlobalSection
	GlobalSection(ExtensibilityGlobals) = postSolution
		SolutionGuid = {A7B75E56-BC8F-4F80-8E9E-6C0B5768469E}
	EndGlobalSection
EndGlobal
